
Microsoft Visual Studio Solution File, Format Version 12.00
# Visual Studio Version 16
VisualStudioVersion = 16.0.30611.23
MinimumVisualStudioVersion = 10.0.40219.1
Project("{FAE04EC0-301F-11D3-BF4B-00C04F79EFBC}") = "dotNet5781_00_0406_3977", "dotNet5781_00_0406_3977\dotNet5781_00_0406_3977.csproj", "{05E6FAD8-89CA-4E49-BBD6-3E77C427BAFB}"
EndProject
Project("{FAE04EC0-301F-11D3-BF4B-00C04F79EFBC}") = "dotNet5781_01_0406_3977", "dotNet5781_01_0406_3977\dotNet5781_01_0406_3977.csproj", "{287D4D86-4DED-49C8-A26B-DD6A9496C2BD}"
EndProject
Project("{FAE04EC0-301F-11D3-BF4B-00C04F79EFBC}") = "dotNet5781_02_0406_3977", "dotNet5781_02_0406_3977\dotNet5781_02_0406_3977.csproj", "{31261E73-11F6-4486-803B-5A3096E81DDC}"
EndProject
Project("{FAE04EC0-301F-11D3-BF4B-00C04F79EFBC}") = "dotNet5781_03A_0406_3977", "dotNet5781_03A_0406_3977\dotNet5781_03A_0406_3977.csproj", "{66A2E612-03E6-402D-B0BC-6C90882EBB66}"
EndProject
Project("{FAE04EC0-301F-11D3-BF4B-00C04F79EFBC}") = "dotNet5781_03B_0406_3977", "dotNet5781_03B_0406_3977\dotNet5781_03B_0406_3977.csproj", "{0BF1A332-8F6B-4828-9F72-3E4871F0574E}"
EndProject
Global
	GlobalSection(SolutionConfigurationPlatforms) = preSolution
		Debug|Any CPU = Debug|Any CPU
		Release|Any CPU = Release|Any CPU
	EndGlobalSection
	GlobalSection(ProjectConfigurationPlatforms) = postSolution
		{05E6FAD8-89CA-4E49-BBD6-3E77C427BAFB}.Debug|Any CPU.ActiveCfg = Debug|Any CPU
		{05E6FAD8-89CA-4E49-BBD6-3E77C427BAFB}.Debug|Any CPU.Build.0 = Debug|Any CPU
		{05E6FAD8-89CA-4E49-BBD6-3E77C427BAFB}.Release|Any CPU.ActiveCfg = Release|Any CPU
		{05E6FAD8-89CA-4E49-BBD6-3E77C427BAFB}.Release|Any CPU.Build.0 = Release|Any CPU
		{287D4D86-4DED-49C8-A26B-DD6A9496C2BD}.Debug|Any CPU.ActiveCfg = Debug|Any CPU
		{287D4D86-4DED-49C8-A26B-DD6A9496C2BD}.Debug|Any CPU.Build.0 = Debug|Any CPU
		{287D4D86-4DED-49C8-A26B-DD6A9496C2BD}.Release|Any CPU.ActiveCfg = Release|Any CPU
		{287D4D86-4DED-49C8-A26B-DD6A9496C2BD}.Release|Any CPU.Build.0 = Release|Any CPU
		{31261E73-11F6-4486-803B-5A3096E81DDC}.Debug|Any CPU.ActiveCfg = Debug|Any CPU
		{31261E73-11F6-4486-803B-5A3096E81DDC}.Debug|Any CPU.Build.0 = Debug|Any CPU
		{31261E73-11F6-4486-803B-5A3096E81DDC}.Release|Any CPU.ActiveCfg = Release|Any CPU
		{31261E73-11F6-4486-803B-5A3096E81DDC}.Release|Any CPU.Build.0 = Release|Any CPU
		{66A2E612-03E6-402D-B0BC-6C90882EBB66}.Debug|Any CPU.ActiveCfg = Debug|Any CPU
		{66A2E612-03E6-402D-B0BC-6C90882EBB66}.Debug|Any CPU.Build.0 = Debug|Any CPU
		{66A2E612-03E6-402D-B0BC-6C90882EBB66}.Release|Any CPU.ActiveCfg = Release|Any CPU
		{66A2E612-03E6-402D-B0BC-6C90882EBB66}.Release|Any CPU.Build.0 = Release|Any CPU
		{0BF1A332-8F6B-4828-9F72-3E4871F0574E}.Debug|Any CPU.ActiveCfg = Debug|Any CPU
		{0BF1A332-8F6B-4828-9F72-3E4871F0574E}.Debug|Any CPU.Build.0 = Debug|Any CPU
		{0BF1A332-8F6B-4828-9F72-3E4871F0574E}.Release|Any CPU.ActiveCfg = Release|Any CPU
		{0BF1A332-8F6B-4828-9F72-3E4871F0574E}.Release|Any CPU.Build.0 = Release|Any CPU
	EndGlobalSection
	GlobalSection(SolutionProperties) = preSolution
		HideSolutionNode = FALSE
	EndGlobalSection
	GlobalSection(ExtensibilityGlobals) = postSolution
		SolutionGuid = {6975EFA9-9758-434D-8C81-92F133D8F925}
	EndGlobalSection
EndGlobal
